
Microsoft Visual Studio Solution File, Format Version 12.00
# Visual Studio Version 17
VisualStudioVersion = 17.4.33103.184
MinimumVisualStudioVersion = 10.0.40219.1
Project("{FAE04EC0-301F-11D3-BF4B-00C04F79EFBC}") = "LoggingApplicationBlock", "LoggingApplicationBlock\LoggingApplicationBlock.csproj", "{FAC778D4-C78E-4C70-878E-E54737F86835}"
EndProject
Global
	GlobalSection(SolutionConfigurationPlatforms) = preSolution
		Debug|Any CPU = Debug|Any CPU
		Release|Any CPU = Release|Any CPU
	EndGlobalSection
	GlobalSection(ProjectConfigurationPlatforms) = postSolution
		{FAC778D4-C78E-4C70-878E-E54737F86835}.Debug|Any CPU.ActiveCfg = Debug|Any CPU
		{FAC778D4-C78E-4C70-878E-E54737F86835}.Debug|Any CPU.Build.0 = Debug|Any CPU
		{FAC778D4-C78E-4C70-878E-E54737F86835}.Release|Any CPU.ActiveCfg = Release|Any CPU
		{FAC778D4-C78E-4C70-878E-E54737F86835}.Release|Any CPU.Build.0 = Release|Any CPU
	EndGlobalSection
	GlobalSection(SolutionProperties) = preSolution
		HideSolutionNode = FALSE
	EndGlobalSection
	GlobalSection(ExtensibilityGlobals) = postSolution
		EnterpriseLibraryConfigurationToolBinariesPath = packages\Unity.2.1.505.0\lib\NET35;packages\Unity.Interception.2.1.505.0\lib\NET35;packages\EnterpriseLibrary.Common.5.0.505.0\lib\NET35;packages\EnterpriseLibrary.Logging.5.0.505.1\lib\NET35
		EnterpriseLibraryConfigurationToolBinariesPathV6 = packages\EnterpriseLibrary.Common.6.0.1304.0\lib\NET45;packages\EnterpriseLibrary.Logging.6.0.1304.0\lib\NET45
		SolutionGuid = {0251AD17-170E-44CB-9B7E-57B6FA2ACFA1}
	EndGlobalSection
EndGlobal
